
Microsoft Visual Studio Solution File, Format Version 12.00
# Visual Studio 2013
VisualStudioVersion = 12.0.21005.1
MinimumVisualStudioVersion = 10.0.40219.1
Project("{FAE04EC0-301F-11D3-BF4B-00C04F79EFBC}") = "Project2-All_Hell_Breaks_Loose", "Project2-All_Hell_Breaks_Loose\Project2-All_Hell_Breaks_Loose\Project2-All_Hell_Breaks_Loose.csproj", "{6C5888DF-4B31-4D3D-9CA7-FE3C61ED2274}"
EndProject
Project("{FAE04EC0-301F-11D3-BF4B-00C04F79EFBC}") = "Project2Content", "Project2-All_Hell_Breaks_Loose\Project2-All_Hell_Breaks_LooseContent\Project2Content.contentproj", "{66CFC8F4-C186-4420-AD7C-BA9A8BF9ECEC}"
EndProject
Global
	GlobalSection(SolutionConfigurationPlatforms) = preSolution
		Debug|x86 = Debug|x86
		Release|x86 = Release|x86
	EndGlobalSection
	GlobalSection(ProjectConfigurationPlatforms) = postSolution
		{6C5888DF-4B31-4D3D-9CA7-FE3C61ED2274}.Debug|x86.ActiveCfg = Debug|x86
		{6C5888DF-4B31-4D3D-9CA7-FE3C61ED2274}.Debug|x86.Build.0 = Debug|x86
		{6C5888DF-4B31-4D3D-9CA7-FE3C61ED2274}.Release|x86.ActiveCfg = Release|x86
		{6C5888DF-4B31-4D3D-9CA7-FE3C61ED2274}.Release|x86.Build.0 = Release|x86
		{66CFC8F4-C186-4420-AD7C-BA9A8BF9ECEC}.Debug|x86.ActiveCfg = Debug|x86
		{66CFC8F4-C186-4420-AD7C-BA9A8BF9ECEC}.Release|x86.ActiveCfg = Release|x86
	EndGlobalSection
	GlobalSection(SolutionProperties) = preSolution
		HideSolutionNode = FALSE
	EndGlobalSection
EndGlobal
